
Microsoft Visual Studio Solution File, Format Version 12.00
# Visual Studio Version 17
VisualStudioVersion = 17.0.31903.59
MinimumVisualStudioVersion = 10.0.40219.1
Project("{2150E333-8FDC-42A3-9474-1A3956D46DE8}") = "csharp-projects", "csharp-projects", "{0B5CC34E-D716-AF40-652D-0169344C30DB}"
EndProject
Project("{FAE04EC0-301F-11D3-BF4B-00C04F79EFBC}") = "Numbers", "csharp-projects\Numbers\Numbers.csproj", "{4DE1FCFB-F9A5-42DE-B97A-DD17038D966B}"
EndProject
Project("{2150E333-8FDC-42A3-9474-1A3956D46DE8}") = "oop", "oop", "{CEC0EC27-0CEC-90C6-CABA-E58AB278E4DA}"
EndProject
Project("{2150E333-8FDC-42A3-9474-1A3956D46DE8}") = "CarRentalSystem", "CarRentalSystem", "{1950DCB7-2C99-DE6F-7955-C3FF4565BF95}"
EndProject
Project("{FAE04EC0-301F-11D3-BF4B-00C04F79EFBC}") = "ArabaKiralama", "oop\CarRentalSystem\ArabaKiralama.csproj", "{9ACC13E2-C8A6-4CB0-941C-94CD91A16506}"
EndProject
Project("{FAE04EC0-301F-11D3-BF4B-00C04F79EFBC}") = "PhoneBookSystem", "oop\PhoneBookSystem\PhoneBookSystem.csproj", "{23261301-C6FD-4542-919E-70D2CA0FD8FB}"
EndProject
Project("{2150E333-8FDC-42A3-9474-1A3956D46DE8}") = "TodoBoardApp", "TodoBoardApp", "{51DC6386-1CA1-EB62-4DB0-EA1BA4B1C1D8}"
EndProject
Project("{FAE04EC0-301F-11D3-BF4B-00C04F79EFBC}") = "TodoBoardApp", "oop\TodoBoardApp\TodoBoardApp\TodoBoardApp.csproj", "{C5F3B1A0-A8C6-471B-8617-F0AAE8F2D3C8}"
EndProject
Project("{2150E333-8FDC-42A3-9474-1A3956D46DE8}") = "Numbers", "Numbers", "{A0CB337F-6345-94F2-8D0A-5D9DA4931666}"
EndProject
Project("{FAE04EC0-301F-11D3-BF4B-00C04F79EFBC}") = "character-rotation", "csharp-projects\Numbers\character-rotation\character-rotation.csproj", "{E667D9AA-0C35-46B5-A5F1-F335BBF4C1FE}"
EndProject
Project("{FAE04EC0-301F-11D3-BF4B-00C04F79EFBC}") = "circle-drawer", "csharp-projects\Numbers\circle-drawer\circle-drawer.csproj", "{0E72B5B9-F8B5-4A36-826A-4C3F05048EA5}"
EndProject
Project("{FAE04EC0-301F-11D3-BF4B-00C04F79EFBC}") = "FibonacciAverageApp", "csharp-projects\Numbers\FibonacciAverageApp\FibonacciAverageApp.csproj", "{255DC3B6-88BE-4934-841D-3D8D2D97500F}"
EndProject
Project("{FAE04EC0-301F-11D3-BF4B-00C04F79EFBC}") = "GeometryProject", "csharp-projects\Numbers\GeometryProject\GeometryProject.csproj", "{96EB2DFF-2BCC-4577-8E72-A9ED1AE1BC94}"
EndProject
Project("{FAE04EC0-301F-11D3-BF4B-00C04F79EFBC}") = "index-remover", "csharp-projects\Numbers\index-remover\index-remover.csproj", "{93E05B27-3A66-4F1C-AA59-37A95E727DAC}"
EndProject
Global
	GlobalSection(SolutionConfigurationPlatforms) = preSolution
		Debug|Any CPU = Debug|Any CPU
		Debug|x64 = Debug|x64
		Debug|x86 = Debug|x86
		Release|Any CPU = Release|Any CPU
		Release|x64 = Release|x64
		Release|x86 = Release|x86
	EndGlobalSection
	GlobalSection(ProjectConfigurationPlatforms) = postSolution
		{4DE1FCFB-F9A5-42DE-B97A-DD17038D966B}.Debug|Any CPU.ActiveCfg = Debug|Any CPU
		{4DE1FCFB-F9A5-42DE-B97A-DD17038D966B}.Debug|Any CPU.Build.0 = Debug|Any CPU
		{4DE1FCFB-F9A5-42DE-B97A-DD17038D966B}.Debug|x64.ActiveCfg = Debug|Any CPU
		{4DE1FCFB-F9A5-42DE-B97A-DD17038D966B}.Debug|x64.Build.0 = Debug|Any CPU
		{4DE1FCFB-F9A5-42DE-B97A-DD17038D966B}.Debug|x86.ActiveCfg = Debug|Any CPU
		{4DE1FCFB-F9A5-42DE-B97A-DD17038D966B}.Debug|x86.Build.0 = Debug|Any CPU
		{4DE1FCFB-F9A5-42DE-B97A-DD17038D966B}.Release|Any CPU.ActiveCfg = Release|Any CPU
		{4DE1FCFB-F9A5-42DE-B97A-DD17038D966B}.Release|Any CPU.Build.0 = Release|Any CPU
		{4DE1FCFB-F9A5-42DE-B97A-DD17038D966B}.Release|x64.ActiveCfg = Release|Any CPU
		{4DE1FCFB-F9A5-42DE-B97A-DD17038D966B}.Release|x64.Build.0 = Release|Any CPU
		{4DE1FCFB-F9A5-42DE-B97A-DD17038D966B}.Release|x86.ActiveCfg = Release|Any CPU
		{4DE1FCFB-F9A5-42DE-B97A-DD17038D966B}.Release|x86.Build.0 = Release|Any CPU
		{9ACC13E2-C8A6-4CB0-941C-94CD91A16506}.Debug|Any CPU.ActiveCfg = Debug|Any CPU
		{9ACC13E2-C8A6-4CB0-941C-94CD91A16506}.Debug|Any CPU.Build.0 = Debug|Any CPU
		{9ACC13E2-C8A6-4CB0-941C-94CD91A16506}.Debug|x64.ActiveCfg = Debug|Any CPU
		{9ACC13E2-C8A6-4CB0-941C-94CD91A16506}.Debug|x64.Build.0 = Debug|Any CPU
		{9ACC13E2-C8A6-4CB0-941C-94CD91A16506}.Debug|x86.ActiveCfg = Debug|Any CPU
		{9ACC13E2-C8A6-4CB0-941C-94CD91A16506}.Debug|x86.Build.0 = Debug|Any CPU
		{9ACC13E2-C8A6-4CB0-941C-94CD91A16506}.Release|Any CPU.ActiveCfg = Release|Any CPU
		{9ACC13E2-C8A6-4CB0-941C-94CD91A16506}.Release|Any CPU.Build.0 = Release|Any CPU
		{9ACC13E2-C8A6-4CB0-941C-94CD91A16506}.Release|x64.ActiveCfg = Release|Any CPU
		{9ACC13E2-C8A6-4CB0-941C-94CD91A16506}.Release|x64.Build.0 = Release|Any CPU
		{9ACC13E2-C8A6-4CB0-941C-94CD91A16506}.Release|x86.ActiveCfg = Release|Any CPU
		{9ACC13E2-C8A6-4CB0-941C-94CD91A16506}.Release|x86.Build.0 = Release|Any CPU
		{23261301-C6FD-4542-919E-70D2CA0FD8FB}.Debug|Any CPU.ActiveCfg = Debug|Any CPU
		{23261301-C6FD-4542-919E-70D2CA0FD8FB}.Debug|Any CPU.Build.0 = Debug|Any CPU
		{23261301-C6FD-4542-919E-70D2CA0FD8FB}.Debug|x64.ActiveCfg = Debug|Any CPU
		{23261301-C6FD-4542-919E-70D2CA0FD8FB}.Debug|x64.Build.0 = Debug|Any CPU
		{23261301-C6FD-4542-919E-70D2CA0FD8FB}.Debug|x86.ActiveCfg = Debug|Any CPU
		{23261301-C6FD-4542-919E-70D2CA0FD8FB}.Debug|x86.Build.0 = Debug|Any CPU
		{23261301-C6FD-4542-919E-70D2CA0FD8FB}.Release|Any CPU.ActiveCfg = Release|Any CPU
		{23261301-C6FD-4542-919E-70D2CA0FD8FB}.Release|Any CPU.Build.0 = Release|Any CPU
		{23261301-C6FD-4542-919E-70D2CA0FD8FB}.Release|x64.ActiveCfg = Release|Any CPU
		{23261301-C6FD-4542-919E-70D2CA0FD8FB}.Release|x64.Build.0 = Release|Any CPU
		{23261301-C6FD-4542-919E-70D2CA0FD8FB}.Release|x86.ActiveCfg = Release|Any CPU
		{23261301-C6FD-4542-919E-70D2CA0FD8FB}.Release|x86.Build.0 = Release|Any CPU
		{C5F3B1A0-A8C6-471B-8617-F0AAE8F2D3C8}.Debug|Any CPU.ActiveCfg = Debug|Any CPU
		{C5F3B1A0-A8C6-471B-8617-F0AAE8F2D3C8}.Debug|Any CPU.Build.0 = Debug|Any CPU
		{C5F3B1A0-A8C6-471B-8617-F0AAE8F2D3C8}.Debug|x64.ActiveCfg = Debug|Any CPU
		{C5F3B1A0-A8C6-471B-8617-F0AAE8F2D3C8}.Debug|x64.Build.0 = Debug|Any CPU
		{C5F3B1A0-A8C6-471B-8617-F0AAE8F2D3C8}.Debug|x86.ActiveCfg = Debug|Any CPU
		{C5F3B1A0-A8C6-471B-8617-F0AAE8F2D3C8}.Debug|x86.Build.0 = Debug|Any CPU
		{C5F3B1A0-A8C6-471B-8617-F0AAE8F2D3C8}.Release|Any CPU.ActiveCfg = Release|Any CPU
		{C5F3B1A0-A8C6-471B-8617-F0AAE8F2D3C8}.Release|Any CPU.Build.0 = Release|Any CPU
		{C5F3B1A0-A8C6-471B-8617-F0AAE8F2D3C8}.Release|x64.ActiveCfg = Release|Any CPU
		{C5F3B1A0-A8C6-471B-8617-F0AAE8F2D3C8}.Release|x64.Build.0 = Release|Any CPU
		{C5F3B1A0-A8C6-471B-8617-F0AAE8F2D3C8}.Release|x86.ActiveCfg = Release|Any CPU
		{C5F3B1A0-A8C6-471B-8617-F0AAE8F2D3C8}.Release|x86.Build.0 = Release|Any CPU
		{E667D9AA-0C35-46B5-A5F1-F335BBF4C1FE}.Debug|Any CPU.ActiveCfg = Debug|Any CPU
		{E667D9AA-0C35-46B5-A5F1-F335BBF4C1FE}.Debug|Any CPU.Build.0 = Debug|Any CPU
		{E667D9AA-0C35-46B5-A5F1-F335BBF4C1FE}.Debug|x64.ActiveCfg = Debug|Any CPU
		{E667D9AA-0C35-46B5-A5F1-F335BBF4C1FE}.Debug|x64.Build.0 = Debug|Any CPU
		{E667D9AA-0C35-46B5-A5F1-F335BBF4C1FE}.Debug|x86.ActiveCfg = Debug|Any CPU
		{E667D9AA-0C35-46B5-A5F1-F335BBF4C1FE}.Debug|x86.Build.0 = Debug|Any CPU
		{E667D9AA-0C35-46B5-A5F1-F335BBF4C1FE}.Release|Any CPU.ActiveCfg = Release|Any CPU
		{E667D9AA-0C35-46B5-A5F1-F335BBF4C1FE}.Release|Any CPU.Build.0 = Release|Any CPU
		{E667D9AA-0C35-46B5-A5F1-F335BBF4C1FE}.Release|x64.ActiveCfg = Release|Any CPU
		{E667D9AA-0C35-46B5-A5F1-F335BBF4C1FE}.Release|x64.Build.0 = Release|Any CPU
		{E667D9AA-0C35-46B5-A5F1-F335BBF4C1FE}.Release|x86.ActiveCfg = Release|Any CPU
		{E667D9AA-0C35-46B5-A5F1-F335BBF4C1FE}.Release|x86.Build.0 = Release|Any CPU
		{0E72B5B9-F8B5-4A36-826A-4C3F05048EA5}.Debug|Any CPU.ActiveCfg = Debug|Any CPU
		{0E72B5B9-F8B5-4A36-826A-4C3F05048EA5}.Debug|Any CPU.Build.0 = Debug|Any CPU
		{0E72B5B9-F8B5-4A36-826A-4C3F05048EA5}.Debug|x64.ActiveCfg = Debug|Any CPU
		{0E72B5B9-F8B5-4A36-826A-4C3F05048EA5}.Debug|x64.Build.0 = Debug|Any CPU
		{0E72B5B9-F8B5-4A36-826A-4C3F05048EA5}.Debug|x86.ActiveCfg = Debug|Any CPU
		{0E72B5B9-F8B5-4A36-826A-4C3F05048EA5}.Debug|x86.Build.0 = Debug|Any CPU
		{0E72B5B9-F8B5-4A36-826A-4C3F05048EA5}.Release|Any CPU.ActiveCfg = Release|Any CPU
		{0E72B5B9-F8B5-4A36-826A-4C3F05048EA5}.Release|Any CPU.Build.0 = Release|Any CPU
		{0E72B5B9-F8B5-4A36-826A-4C3F05048EA5}.Release|x64.ActiveCfg = Release|Any CPU
		{0E72B5B9-F8B5-4A36-826A-4C3F05048EA5}.Release|x64.Build.0 = Release|Any CPU
		{0E72B5B9-F8B5-4A36-826A-4C3F05048EA5}.Release|x86.ActiveCfg = Release|Any CPU
		{0E72B5B9-F8B5-4A36-826A-4C3F05048EA5}.Release|x86.Build.0 = Release|Any CPU
		{255DC3B6-88BE-4934-841D-3D8D2D97500F}.Debug|Any CPU.ActiveCfg = Debug|Any CPU
		{255DC3B6-88BE-4934-841D-3D8D2D97500F}.Debug|Any CPU.Build.0 = Debug|Any CPU
		{255DC3B6-88BE-4934-841D-3D8D2D97500F}.Debug|x64.ActiveCfg = Debug|Any CPU
		{255DC3B6-88BE-4934-841D-3D8D2D97500F}.Debug|x64.Build.0 = Debug|Any CPU
		{255DC3B6-88BE-4934-841D-3D8D2D97500F}.Debug|x86.ActiveCfg = Debug|Any CPU
		{255DC3B6-88BE-4934-841D-3D8D2D97500F}.Debug|x86.Build.0 = Debug|Any CPU
		{255DC3B6-88BE-4934-841D-3D8D2D97500F}.Release|Any CPU.ActiveCfg = Release|Any CPU
		{255DC3B6-88BE-4934-841D-3D8D2D97500F}.Release|Any CPU.Build.0 = Release|Any CPU
		{255DC3B6-88BE-4934-841D-3D8D2D97500F}.Release|x64.ActiveCfg = Release|Any CPU
		{255DC3B6-88BE-4934-841D-3D8D2D97500F}.Release|x64.Build.0 = Release|Any CPU
		{255DC3B6-88BE-4934-841D-3D8D2D97500F}.Release|x86.ActiveCfg = Release|Any CPU
		{255DC3B6-88BE-4934-841D-3D8D2D97500F}.Release|x86.Build.0 = Release|Any CPU
		{96EB2DFF-2BCC-4577-8E72-A9ED1AE1BC94}.Debug|Any CPU.ActiveCfg = Debug|Any CPU
		{96EB2DFF-2BCC-4577-8E72-A9ED1AE1BC94}.Debug|Any CPU.Build.0 = Debug|Any CPU
		{96EB2DFF-2BCC-4577-8E72-A9ED1AE1BC94}.Debug|x64.ActiveCfg = Debug|Any CPU
		{96EB2DFF-2BCC-4577-8E72-A9ED1AE1BC94}.Debug|x64.Build.0 = Debug|Any CPU
		{96EB2DFF-2BCC-4577-8E72-A9ED1AE1BC94}.Debug|x86.ActiveCfg = Debug|Any CPU
		{96EB2DFF-2BCC-4577-8E72-A9ED1AE1BC94}.Debug|x86.Build.0 = Debug|Any CPU
		{96EB2DFF-2BCC-4577-8E72-A9ED1AE1BC94}.Release|Any CPU.ActiveCfg = Release|Any CPU
		{96EB2DFF-2BCC-4577-8E72-A9ED1AE1BC94}.Release|Any CPU.Build.0 = Release|Any CPU
		{96EB2DFF-2BCC-4577-8E72-A9ED1AE1BC94}.Release|x64.ActiveCfg = Release|Any CPU
		{96EB2DFF-2BCC-4577-8E72-A9ED1AE1BC94}.Release|x64.Build.0 = Release|Any CPU
		{96EB2DFF-2BCC-4577-8E72-A9ED1AE1BC94}.Release|x86.ActiveCfg = Release|Any CPU
		{96EB2DFF-2BCC-4577-8E72-A9ED1AE1BC94}.Release|x86.Build.0 = Release|Any CPU
		{93E05B27-3A66-4F1C-AA59-37A95E727DAC}.Debug|Any CPU.ActiveCfg = Debug|Any CPU
		{93E05B27-3A66-4F1C-AA59-37A95E727DAC}.Debug|Any CPU.Build.0 = Debug|Any CPU
		{93E05B27-3A66-4F1C-AA59-37A95E727DAC}.Debug|x64.ActiveCfg = Debug|Any CPU
		{93E05B27-3A66-4F1C-AA59-37A95E727DAC}.Debug|x64.Build.0 = Debug|Any CPU
		{93E05B27-3A66-4F1C-AA59-37A95E727DAC}.Debug|x86.ActiveCfg = Debug|Any CPU
		{93E05B27-3A66-4F1C-AA59-37A95E727DAC}.Debug|x86.Build.0 = Debug|Any CPU
		{93E05B27-3A66-4F1C-AA59-37A95E727DAC}.Release|Any CPU.ActiveCfg = Release|Any CPU
		{93E05B27-3A66-4F1C-AA59-37A95E727DAC}.Release|Any CPU.Build.0 = Release|Any CPU
		{93E05B27-3A66-4F1C-AA59-37A95E727DAC}.Release|x64.ActiveCfg = Release|Any CPU
		{93E05B27-3A66-4F1C-AA59-37A95E727DAC}.Release|x64.Build.0 = Release|Any CPU
		{93E05B27-3A66-4F1C-AA59-37A95E727DAC}.Release|x86.ActiveCfg = Release|Any CPU
		{93E05B27-3A66-4F1C-AA59-37A95E727DAC}.Release|x86.Build.0 = Release|Any CPU
	EndGlobalSection
	GlobalSection(SolutionProperties) = preSolution
		HideSolutionNode = FALSE
	EndGlobalSection
	GlobalSection(NestedProjects) = preSolution
		{4DE1FCFB-F9A5-42DE-B97A-DD17038D966B} = {0B5CC34E-D716-AF40-652D-0169344C30DB}
		{1950DCB7-2C99-DE6F-7955-C3FF4565BF95} = {CEC0EC27-0CEC-90C6-CABA-E58AB278E4DA}
		{9ACC13E2-C8A6-4CB0-941C-94CD91A16506} = {1950DCB7-2C99-DE6F-7955-C3FF4565BF95}
		{23261301-C6FD-4542-919E-70D2CA0FD8FB} = {CEC0EC27-0CEC-90C6-CABA-E58AB278E4DA}
		{51DC6386-1CA1-EB62-4DB0-EA1BA4B1C1D8} = {CEC0EC27-0CEC-90C6-CABA-E58AB278E4DA}
		{C5F3B1A0-A8C6-471B-8617-F0AAE8F2D3C8} = {51DC6386-1CA1-EB62-4DB0-EA1BA4B1C1D8}
		{A0CB337F-6345-94F2-8D0A-5D9DA4931666} = {0B5CC34E-D716-AF40-652D-0169344C30DB}
		{E667D9AA-0C35-46B5-A5F1-F335BBF4C1FE} = {A0CB337F-6345-94F2-8D0A-5D9DA4931666}
		{0E72B5B9-F8B5-4A36-826A-4C3F05048EA5} = {A0CB337F-6345-94F2-8D0A-5D9DA4931666}
		{255DC3B6-88BE-4934-841D-3D8D2D97500F} = {A0CB337F-6345-94F2-8D0A-5D9DA4931666}
		{96EB2DFF-2BCC-4577-8E72-A9ED1AE1BC94} = {A0CB337F-6345-94F2-8D0A-5D9DA4931666}
		{93E05B27-3A66-4F1C-AA59-37A95E727DAC} = {A0CB337F-6345-94F2-8D0A-5D9DA4931666}
	EndGlobalSection
EndGlobal
